
Microsoft Visual Studio Solution File, Format Version 12.00
# Visual Studio Version 17
VisualStudioVersion = 17.4.33122.133
MinimumVisualStudioVersion = 10.0.40219.1
Project("{9A19103F-16F7-4668-BE54-9A1E7A4F7556}") = "QS", "QS\QS.csproj", "{D773E18E-06E9-471F-9D96-2C8057C45A67}"
EndProject
Project("{FAE04EC0-301F-11D3-BF4B-00C04F79EFBC}") = "QSTest", "QSTest\QSTest.csproj", "{EB86AF25-8D73-4037-B626-6BE06C5F8465}"
EndProject
Global
	GlobalSection(SolutionConfigurationPlatforms) = preSolution
		Debug|Any CPU = Debug|Any CPU
		Release|Any CPU = Release|Any CPU
	EndGlobalSection
	GlobalSection(ProjectConfigurationPlatforms) = postSolution
		{D773E18E-06E9-471F-9D96-2C8057C45A67}.Debug|Any CPU.ActiveCfg = Debug|Any CPU
		{D773E18E-06E9-471F-9D96-2C8057C45A67}.Debug|Any CPU.Build.0 = Debug|Any CPU
		{D773E18E-06E9-471F-9D96-2C8057C45A67}.Release|Any CPU.ActiveCfg = Release|Any CPU
		{D773E18E-06E9-471F-9D96-2C8057C45A67}.Release|Any CPU.Build.0 = Release|Any CPU
		{EB86AF25-8D73-4037-B626-6BE06C5F8465}.Debug|Any CPU.ActiveCfg = Debug|Any CPU
		{EB86AF25-8D73-4037-B626-6BE06C5F8465}.Debug|Any CPU.Build.0 = Debug|Any CPU
		{EB86AF25-8D73-4037-B626-6BE06C5F8465}.Release|Any CPU.ActiveCfg = Release|Any CPU
		{EB86AF25-8D73-4037-B626-6BE06C5F8465}.Release|Any CPU.Build.0 = Release|Any CPU
	EndGlobalSection
	GlobalSection(SolutionProperties) = preSolution
		HideSolutionNode = FALSE
	EndGlobalSection
	GlobalSection(ExtensibilityGlobals) = postSolution
		SolutionGuid = {9D9D5D0D-8F42-4926-812F-0A3B56793FBA}
	EndGlobalSection
EndGlobal
